
Microsoft Visual Studio Solution File, Format Version 12.00
# Visual Studio 15
VisualStudioVersion = 15.0.26114.2
MinimumVisualStudioVersion = 10.0.40219.1
Project("{2150E333-8FDC-42A3-9474-1A3956D46DE8}") = "src", "src", "{AC3D0764-9746-4E53-BFCA-7546B92FC134}"
EndProject
Project("{FAE04EC0-301F-11D3-BF4B-00C04F79EFBC}") = "PlayerRatings", "src\PlayerRatings\PlayerRatings.csproj", "{BEE824C7-3201-47C1-A4D9-2DADD2DC6535}"
EndProject
Project("{FAE04EC0-301F-11D3-BF4B-00C04F79EFBC}") = "PlayerRatings.UnitTests", "test\PlayerRatings.UnitTests\PlayerRatings.UnitTests.csproj", "{BA022466-869E-4DFD-A717-8FAC1483C2D4}"
EndProject
Global
	GlobalSection(SolutionConfigurationPlatforms) = preSolution
		Debug|Any CPU = Debug|Any CPU
		Release|Any CPU = Release|Any CPU
	EndGlobalSection
	GlobalSection(ProjectConfigurationPlatforms) = postSolution
		{BEE824C7-3201-47C1-A4D9-2DADD2DC6535}.Debug|Any CPU.ActiveCfg = Debug|Any CPU
		{BEE824C7-3201-47C1-A4D9-2DADD2DC6535}.Debug|Any CPU.Build.0 = Debug|Any CPU
		{BEE824C7-3201-47C1-A4D9-2DADD2DC6535}.Release|Any CPU.ActiveCfg = Release|Any CPU
		{BEE824C7-3201-47C1-A4D9-2DADD2DC6535}.Release|Any CPU.Build.0 = Release|Any CPU
		{BA022466-869E-4DFD-A717-8FAC1483C2D4}.Debug|Any CPU.ActiveCfg = Debug|Any CPU
		{BA022466-869E-4DFD-A717-8FAC1483C2D4}.Debug|Any CPU.Build.0 = Debug|Any CPU
		{BA022466-869E-4DFD-A717-8FAC1483C2D4}.Release|Any CPU.ActiveCfg = Release|Any CPU
		{BA022466-869E-4DFD-A717-8FAC1483C2D4}.Release|Any CPU.Build.0 = Release|Any CPU
	EndGlobalSection
	GlobalSection(SolutionProperties) = preSolution
		HideSolutionNode = FALSE
	EndGlobalSection
	GlobalSection(NestedProjects) = preSolution
		{BEE824C7-3201-47C1-A4D9-2DADD2DC6535} = {AC3D0764-9746-4E53-BFCA-7546B92FC134}
		{BA022466-869E-4DFD-A717-8FAC1483C2D4} = {AC3D0764-9746-4E53-BFCA-7546B92FC134}
	EndGlobalSection
EndGlobal
